golang.org/x/exp v0.0.0-20260603202125-055de637280b h1:v1uXiEBHo8QA0LiGCo7UgHMzHT4Kdfpl2zmtH5vaP1Q=
golang.org/x/exp v0.0.0-20260603202125-055de637280b/go.mod h1:d2fgXJLVs4dYDHUk5lwMIfzRzSrWCfGZb0ZqeLa/Vcw=
golang.org/x/tools v0.45.0 h1:18qN3FAooORvApf5XjCXgsuayZOEtXf6JK18I3+ONa8=
golang.org/x/tools v0.45.0/go.mod h1:LuUGqqaXcXMEFEruIVJVm5mgDD8vww/z/SR1gQ4uE/0=
